# THIS IS AN AUTOGENERATED FILE. DO NOT EDIT THIS FILE DIRECTLY.
# yarn lockfile v1


"@cloudflare/kv-asset-handler@~0.1.0":
  "integrity" "sha512-loZzVTXfoSKsZ/VVeHGuRlQFcxUEmTPIyWx3Zti9/lShfhETZJ90nKpbvoWps7P60kILWpILE/5EfHDiumfYEQ=="
  "resolved" "https://registry.npmjs.org/@cloudflare/kv-asset-handler/-/kv-asset-handler-0.1.1.tgz"
  "version" "0.1.1"
  dependencies:
    "@cloudflare/workers-types" "^2.0.0"
    "@types/mime" "^2.0.2"
    "mime" "^2.4.6"

"@cloudflare/workers-types@^2.0.0":
  "integrity" "sha512-SFUPQzR5aV2TBLP4Re+xNX5KfAGArcRGA44OLulBDnfblEf3J+6kFvdJAQwFhFpqru3wImwT1cX0wahk6EeWTw=="
  "resolved" "https://registry.npmjs.org/@cloudflare/workers-types/-/workers-types-2.0.0.tgz"
  "version" "2.0.0"

"@types/mime@^2.0.2":
  "integrity" "sha512-4kPlzbljFcsttWEq6aBW0OZe6BDajAmyvr2xknBG92tejQnvdGtT9+kXSZ580DqpxY9qG2xeQVF9Dq0ymUTo5Q=="
  "resolved" "https://registry.npmjs.org/@types/mime/-/mime-2.0.2.tgz"
  "version" "2.0.2"

"mime@^2.4.6":
  "integrity" "sha512-RZKhC3EmpBchfTGBVb8fb+RL2cWyw/32lshnsETttkBAyAUXSGHxbEJWWRXc751DrIxG1q04b8QwMbAwkRPpUA=="
  "resolved" "https://registry.npmjs.org/mime/-/mime-2.4.6.tgz"
  "version" "2.4.6"
